{
  "name": "umbraco-mcp-server-sdk-monorepo",
  "version": "1.0.0-beta.41",
  "lockfileVersion": 3,
  "requires": true,
  "packages": {
    "": {
      "name": "umbraco-mcp-server-sdk-monorepo",
      "version": "1.0.0-beta.41",
      "license": "MIT",
      "workspaces": [
        "packages/*",
        "template",
        "plugins/umbraco-mcp-skills",
        "tests/cli"
      ],
      "devDependencies": {
        "@modelcontextprotocol/inspector": "^0.22.0",
        "wrangler": "^4.124.0"
      },
      "engines": {
        "node": ">=22.0.0"
      }
    }
  }
}
